{
  "version": 4,
  "terraform_version": "1.1.7",
  "serial": 80,
  "lineage": "17e1dccc-0881-b35f-b0a3-ac6de692948c",
  "outputs": {},
  "resources": [
    {
      "mode": "data",
      "type": "archive_file",
      "name": "pubsub_trigger",
      "provider": "provider[\"registry.terraform.io/hashicorp/archive\"]",
      "instances": [
        {
          "schema_version": 0,
          "attributes": {
            "excludes": null,
            "id": "31b17d929dd9aaac22d06785de2aad705fa56ffa",
            "output_base64sha256": "aFLYtNLxV7WXEtw+0GSQtqljn4a5jG7Q3rg4uwUVemg=",
            "output_file_mode": null,
            "output_md5": "fbbd97be26aa5721ec7a6127cabad75e",
            "output_path": "./function_trigger.zip",
            "output_sha": "31b17d929dd9aaac22d06785de2aad705fa56ffa",
            "output_size": 3407,
            "source": [],
            "source_content": null,
            "source_content_filename": null,
            "source_dir": "./function",
            "source_file": null,
            "type": "zip"
          },
          "sensitive_attributes": []
        }
      ]
    },
    {
      "mode": "managed",
      "type": "google_cloud_scheduler_job",
      "name": "cron_pubsub_job",
      "provider": "provider[\"registry.terraform.io/hashicorp/google\"]",
      "instances": [
        {
          "schema_version": 0,
          "attributes": {
            "app_engine_http_target": [],
            "description": "",
            "http_target": [],
            "id": "projects/teamwork-terraform/locations/us-central1/jobs/cron-pubsub-job",
            "name": "cron-pubsub-job",
            "project": "teamwork-terraform",
            "pubsub_target": [
              {
                "attributes": null,
                "data": "UHViL1N1YiBtZXNzYWdl",
                "topic_name": "projects/teamwork-terraform/topics/cron-topic"
              }
            ],
            "region": "us-central1",
            "retry_config": [],
            "schedule": "30 8 * * 1-5",
            "time_zone": "America/Lima",
            "timeouts": null
          },
          "sensitive_attributes": [],
          "private": "eyJlMmJmYjczMC1lY2FhLTExZTYtOGY4OC0zNDM2M2JjN2M0YzAiOnsiY3JlYXRlIjoyNDAwMDAwMDAwMDAsImRlbGV0ZSI6MjQwMDAwMDAwMDAwfX0=",
          "dependencies": [
            "data.archive_file.pubsub_trigger",
            "google_cloudfunctions_function.pubsub_trigger",
            "google_project_service.cloudbuild",
            "google_project_service.cloudfunctions",
            "google_project_service.cloudscheduler",
            "google_project_service.pubsub",
            "google_pubsub_topic.cronjobtopic",
            "google_storage_bucket.functions",
            "google_storage_bucket_object.pubsub_trigger"
          ]
        }
      ]
    },
    {
      "mode": "managed",
      "type": "google_cloudfunctions_function",
      "name": "pubsub_trigger",
      "provider": "provider[\"registry.terraform.io/hashicorp/google\"]",
      "instances": [
        {
          "schema_version": 0,
          "attributes": {
            "available_memory_mb": 256,
            "description": "",
            "entry_point": "send_data_bq",
            "environment_variables": {
              "PASSWORD": ".",
              "TABLE_ID": "teamwork-terraform.teamwork_data.tasks",
              "TEAMWORK_PROJECT_ID": "318649",
              "USERNAME": "twp_mRjw8qakwusKQNX4svPO5XjGH8Tj_eu"
            },
            "event_trigger": [
              {
                "event_type": "google.pubsub.topic.publish",
                "failure_policy": [
                  {
                    "retry": false
                  }
                ],
                "resource": "projects/teamwork-terraform/topics/cron-topic"
              }
            ],
            "https_trigger_url": null,
            "id": "projects/teamwork-terraform/locations/us-central1/functions/cronjob-pubsub",
            "labels": null,
            "max_instances": 0,
            "name": "cronjob-pubsub",
            "project": "teamwork-terraform",
            "region": "us-central1",
            "runtime": "python39",
            "service_account_email": "teamwork-terraform@appspot.gserviceaccount.com",
            "source_archive_bucket": "teamwork-terraform-functions",
            "source_archive_object": "pubsub_trigger-fbbd97be26aa5721ec7a6127cabad75e.zip",
            "source_repository": [],
            "timeout": 60,
            "timeouts": null,
            "trigger_http": null,
            "vpc_connector": ""
          },
          "sensitive_attributes": [],
          "private": "eyJlMmJmYjczMC1lY2FhLTExZTYtOGY4OC0zNDM2M2JjN2M0YzAiOnsiY3JlYXRlIjozMDAwMDAwMDAwMDAsImRlbGV0ZSI6MzAwMDAwMDAwMDAwLCJyZWFkIjozMDAwMDAwMDAwMDAsInVwZGF0ZSI6MzAwMDAwMDAwMDAwfX0=",
          "dependencies": [
            "data.archive_file.pubsub_trigger",
            "google_project_service.cloudbuild",
            "google_project_service.cloudfunctions",
            "google_project_service.pubsub",
            "google_pubsub_topic.cronjobtopic",
            "google_storage_bucket.functions",
            "google_storage_bucket_object.pubsub_trigger"
          ]
        }
      ]
    },
    {
      "mode": "managed",
      "type": "google_project_service",
      "name": "cloudbuild",
      "provider": "provider[\"registry.terraform.io/hashicorp/google\"]",
      "instances": [
        {
          "schema_version": 0,
          "attributes": {
            "disable_dependent_services": true,
            "disable_on_destroy": true,
            "id": "teamwork-terraform/cloudbuild.googleapis.com",
            "project": "teamwork-terraform",
            "service": "cloudbuild.googleapis.com",
            "timeouts": null
          },
          "sensitive_attributes": [],
          "private": "eyJlMmJmYjczMC1lY2FhLTExZTYtOGY4OC0zNDM2M2JjN2M0YzAiOnsiY3JlYXRlIjoxMjAwMDAwMDAwMDAwLCJkZWxldGUiOjEyMDAwMDAwMDAwMDAsInJlYWQiOjYwMDAwMDAwMDAwMCwidXBkYXRlIjoxMjAwMDAwMDAwMDAwfX0="
        }
      ]
    },
    {
      "mode": "managed",
      "type": "google_project_service",
      "name": "cloudfunctions",
      "provider": "provider[\"registry.terraform.io/hashicorp/google\"]",
      "instances": [
        {
          "schema_version": 0,
          "attributes": {
            "disable_dependent_services": true,
            "disable_on_destroy": true,
            "id": "teamwork-terraform/cloudfunctions.googleapis.com",
            "project": "teamwork-terraform",
            "service": "cloudfunctions.googleapis.com",
            "timeouts": null
          },
          "sensitive_attributes": [],
          "private": "eyJlMmJmYjczMC1lY2FhLTExZTYtOGY4OC0zNDM2M2JjN2M0YzAiOnsiY3JlYXRlIjoxMjAwMDAwMDAwMDAwLCJkZWxldGUiOjEyMDAwMDAwMDAwMDAsInJlYWQiOjYwMDAwMDAwMDAwMCwidXBkYXRlIjoxMjAwMDAwMDAwMDAwfX0="
        }
      ]
    },
    {
      "mode": "managed",
      "type": "google_project_service",
      "name": "cloudscheduler",
      "provider": "provider[\"registry.terraform.io/hashicorp/google\"]",
      "instances": [
        {
          "schema_version": 0,
          "attributes": {
            "disable_dependent_services": true,
            "disable_on_destroy": true,
            "id": "teamwork-terraform/cloudscheduler.googleapis.com",
            "project": "teamwork-terraform",
            "service": "cloudscheduler.googleapis.com",
            "timeouts": null
          },
          "sensitive_attributes": [],
          "private": "eyJlMmJmYjczMC1lY2FhLTExZTYtOGY4OC0zNDM2M2JjN2M0YzAiOnsiY3JlYXRlIjoxMjAwMDAwMDAwMDAwLCJkZWxldGUiOjEyMDAwMDAwMDAwMDAsInJlYWQiOjYwMDAwMDAwMDAwMCwidXBkYXRlIjoxMjAwMDAwMDAwMDAwfX0="
        }
      ]
    },
    {
      "mode": "managed",
      "type": "google_project_service",
      "name": "pubsub",
      "provider": "provider[\"registry.terraform.io/hashicorp/google\"]",
      "instances": [
        {
          "schema_version": 0,
          "attributes": {
            "disable_dependent_services": true,
            "disable_on_destroy": true,
            "id": "teamwork-terraform/pubsub.googleapis.com",
            "project": "teamwork-terraform",
            "service": "pubsub.googleapis.com",
            "timeouts": null
          },
          "sensitive_attributes": [],
          "private": "eyJlMmJmYjczMC1lY2FhLTExZTYtOGY4OC0zNDM2M2JjN2M0YzAiOnsiY3JlYXRlIjoxMjAwMDAwMDAwMDAwLCJkZWxldGUiOjEyMDAwMDAwMDAwMDAsInJlYWQiOjYwMDAwMDAwMDAwMCwidXBkYXRlIjoxMjAwMDAwMDAwMDAwfX0="
        }
      ]
    },
    {
      "mode": "managed",
      "type": "google_pubsub_topic",
      "name": "cronjobtopic",
      "provider": "provider[\"registry.terraform.io/hashicorp/google\"]",
      "instances": [
        {
          "schema_version": 0,
          "attributes": {
            "id": "projects/teamwork-terraform/topics/cron-topic",
            "kms_key_name": "",
            "labels": null,
            "message_storage_policy": [],
            "name": "cron-topic",
            "project": "teamwork-terraform",
            "timeouts": null
          },
          "sensitive_attributes": [],
          "private": "eyJlMmJmYjczMC1lY2FhLTExZTYtOGY4OC0zNDM2M2JjN2M0YzAiOnsiY3JlYXRlIjoyNDAwMDAwMDAwMDAsImRlbGV0ZSI6MjQwMDAwMDAwMDAwLCJ1cGRhdGUiOjI0MDAwMDAwMDAwMH19",
          "dependencies": [
            "google_project_service.pubsub"
          ]
        }
      ]
    },
    {
      "mode": "managed",
      "type": "google_storage_bucket",
      "name": "functions",
      "provider": "provider[\"registry.terraform.io/hashicorp/google\"]",
      "instances": [
        {
          "schema_version": 0,
          "attributes": {
            "bucket_policy_only": false,
            "cors": [],
            "encryption": [],
            "force_destroy": false,
            "id": "teamwork-terraform-functions",
            "labels": null,
            "lifecycle_rule": [],
            "location": "US",
            "logging": [],
            "name": "teamwork-terraform-functions",
            "project": "teamwork-terraform",
            "requester_pays": false,
            "retention_policy": [],
            "self_link": "https://www.googleapis.com/storage/v1/b/teamwork-terraform-functions",
            "storage_class": "STANDARD",
            "url": "gs://teamwork-terraform-functions",
            "versioning": [],
            "website": []
          },
          "sensitive_attributes": [],
          "private": "bnVsbA=="
        }
      ]
    },
    {
      "mode": "managed",
      "type": "google_storage_bucket_object",
      "name": "pubsub_trigger",
      "provider": "provider[\"registry.terraform.io/hashicorp/google\"]",
      "instances": [
        {
          "schema_version": 0,
          "attributes": {
            "bucket": "teamwork-terraform-functions",
            "cache_control": "",
            "content": null,
            "content_disposition": "",
            "content_encoding": "",
            "content_language": "",
            "content_type": "application/zip",
            "crc32c": "g3GmYg==",
            "detect_md5hash": "+72XviaqVyHsemEnyrrXXg==",
            "id": "teamwork-terraform-functions-pubsub_trigger-fbbd97be26aa5721ec7a6127cabad75e.zip",
            "md5hash": "+72XviaqVyHsemEnyrrXXg==",
            "name": "pubsub_trigger-fbbd97be26aa5721ec7a6127cabad75e.zip",
            "output_name": "pubsub_trigger-fbbd97be26aa5721ec7a6127cabad75e.zip",
            "self_link": "https://www.googleapis.com/storage/v1/b/teamwork-terraform-functions/o/pubsub_trigger-fbbd97be26aa5721ec7a6127cabad75e.zip",
            "source": "./function_trigger.zip",
            "storage_class": "STANDARD"
          },
          "sensitive_attributes": [],
          "private": "bnVsbA==",
          "dependencies": [
            "data.archive_file.pubsub_trigger",
            "google_storage_bucket.functions"
          ]
        }
      ]
    }
  ]
}
